
Microsoft Visual Studio Solution File, Format Version 12.00
# Visual Studio Version 16
VisualStudioVersion = 16.0.30804.86
MinimumVisualStudioVersion = 10.0.40219.1
Project("{FAE04EC0-301F-11D3-BF4B-00C04F79EFBC}") = "ClientUDP", "ClientUDP\ClientUDP.csproj", "{DDE370E4-A497-463C-8E13-2C758D70B69A}"
EndProject
Project("{FAE04EC0-301F-11D3-BF4B-00C04F79EFBC}") = "ServerUDP", "ServerUDP\ServerUDP.csproj", "{A764B1C0-46C3-4F0C-A18B-3287B9036EF1}"
EndProject
Project("{FAE04EC0-301F-11D3-BF4B-00C04F79EFBC}") = "SynchronizedVectorMeasurementProcessing", "SynchronizedVectorMeasurementProcessing\SynchronizedVectorMeasurementProcessing.csproj", "{83087E63-FD5A-4CBC-A0FC-AA5A88B45D92}"
EndProject
Project("{FAE04EC0-301F-11D3-BF4B-00C04F79EFBC}") = "AsynchronyIdentification", "AsynchronyIdentification\AsynchronyIdentification.csproj", "{B727722D-8F8F-4DEF-866D-790C7E8F276B}"
EndProject
Project("{FAE04EC0-301F-11D3-BF4B-00C04F79EFBC}") = "ControlActionsSelection", "ControlActionsSelection\ControlActionsSelection.csproj", "{29B63619-8000-49B4-920D-2BA7A0AEFB81}"
EndProject
Project("{FAE04EC0-301F-11D3-BF4B-00C04F79EFBC}") = "IEC60870Library", "IEC60870Library\IEC60870Library.csproj", "{EC0A3769-1280-481C-A805-428B0C606C6F}"
EndProject
Project("{FAE04EC0-301F-11D3-BF4B-00C04F79EFBC}") = "ComparisonOfModes", "ComparisonOfModes\ComparisonOfModes.csproj", "{4E72798A-F131-4638-8C47-3E7AFE5493F7}"
EndProject
Project("{FAE04EC0-301F-11D3-BF4B-00C04F79EFBC}") = "Server60870", "Server60870\Server60870.csproj", "{551B5C5A-B1F0-4320-B0C5-5CC105767D60}"
EndProject
Project("{FAE04EC0-301F-11D3-BF4B-00C04F79EFBC}") = "Client60870", "Client60870\Client60870.csproj", "{A95BF1CE-14C6-4261-A21D-CA27A54843DF}"
EndProject
Project("{FAE04EC0-301F-11D3-BF4B-00C04F79EFBC}") = "C37Library", "C37Library\C37Library.csproj", "{10C025A3-D5E6-472D-8AEB-FCBA519B6165}"
EndProject
Global
	GlobalSection(SolutionConfigurationPlatforms) = preSolution
		Debug|Any CPU = Debug|Any CPU
		Release|Any CPU = Release|Any CPU
	EndGlobalSection
	GlobalSection(ProjectConfigurationPlatforms) = postSolution
		{DDE370E4-A497-463C-8E13-2C758D70B69A}.Debug|Any CPU.ActiveCfg = Debug|Any CPU
		{DDE370E4-A497-463C-8E13-2C758D70B69A}.Debug|Any CPU.Build.0 = Debug|Any CPU
		{DDE370E4-A497-463C-8E13-2C758D70B69A}.Release|Any CPU.ActiveCfg = Release|Any CPU
		{DDE370E4-A497-463C-8E13-2C758D70B69A}.Release|Any CPU.Build.0 = Release|Any CPU
		{A764B1C0-46C3-4F0C-A18B-3287B9036EF1}.Debug|Any CPU.ActiveCfg = Debug|Any CPU
		{A764B1C0-46C3-4F0C-A18B-3287B9036EF1}.Debug|Any CPU.Build.0 = Debug|Any CPU
		{A764B1C0-46C3-4F0C-A18B-3287B9036EF1}.Release|Any CPU.ActiveCfg = Release|Any CPU
		{A764B1C0-46C3-4F0C-A18B-3287B9036EF1}.Release|Any CPU.Build.0 = Release|Any CPU
		{83087E63-FD5A-4CBC-A0FC-AA5A88B45D92}.Debug|Any CPU.ActiveCfg = Debug|Any CPU
		{83087E63-FD5A-4CBC-A0FC-AA5A88B45D92}.Debug|Any CPU.Build.0 = Debug|Any CPU
		{83087E63-FD5A-4CBC-A0FC-AA5A88B45D92}.Release|Any CPU.ActiveCfg = Release|Any CPU
		{83087E63-FD5A-4CBC-A0FC-AA5A88B45D92}.Release|Any CPU.Build.0 = Release|Any CPU
		{B727722D-8F8F-4DEF-866D-790C7E8F276B}.Debug|Any CPU.ActiveCfg = Debug|Any CPU
		{B727722D-8F8F-4DEF-866D-790C7E8F276B}.Debug|Any CPU.Build.0 = Debug|Any CPU
		{B727722D-8F8F-4DEF-866D-790C7E8F276B}.Release|Any CPU.ActiveCfg = Release|Any CPU
		{B727722D-8F8F-4DEF-866D-790C7E8F276B}.Release|Any CPU.Build.0 = Release|Any CPU
		{29B63619-8000-49B4-920D-2BA7A0AEFB81}.Debug|Any CPU.ActiveCfg = Debug|Any CPU
		{29B63619-8000-49B4-920D-2BA7A0AEFB81}.Debug|Any CPU.Build.0 = Debug|Any CPU
		{29B63619-8000-49B4-920D-2BA7A0AEFB81}.Release|Any CPU.ActiveCfg = Release|Any CPU
		{29B63619-8000-49B4-920D-2BA7A0AEFB81}.Release|Any CPU.Build.0 = Release|Any CPU
		{EC0A3769-1280-481C-A805-428B0C606C6F}.Debug|Any CPU.ActiveCfg = Debug|Any CPU
		{EC0A3769-1280-481C-A805-428B0C606C6F}.Debug|Any CPU.Build.0 = Debug|Any CPU
		{EC0A3769-1280-481C-A805-428B0C606C6F}.Release|Any CPU.ActiveCfg = Release|Any CPU
		{EC0A3769-1280-481C-A805-428B0C606C6F}.Release|Any CPU.Build.0 = Release|Any CPU
		{4E72798A-F131-4638-8C47-3E7AFE5493F7}.Debug|Any CPU.ActiveCfg = Debug|Any CPU
		{4E72798A-F131-4638-8C47-3E7AFE5493F7}.Debug|Any CPU.Build.0 = Debug|Any CPU
		{4E72798A-F131-4638-8C47-3E7AFE5493F7}.Release|Any CPU.ActiveCfg = Release|Any CPU
		{4E72798A-F131-4638-8C47-3E7AFE5493F7}.Release|Any CPU.Build.0 = Release|Any CPU
		{551B5C5A-B1F0-4320-B0C5-5CC105767D60}.Debug|Any CPU.ActiveCfg = Debug|Any CPU
		{551B5C5A-B1F0-4320-B0C5-5CC105767D60}.Debug|Any CPU.Build.0 = Debug|Any CPU
		{551B5C5A-B1F0-4320-B0C5-5CC105767D60}.Release|Any CPU.ActiveCfg = Release|Any CPU
		{551B5C5A-B1F0-4320-B0C5-5CC105767D60}.Release|Any CPU.Build.0 = Release|Any CPU
		{A95BF1CE-14C6-4261-A21D-CA27A54843DF}.Debug|Any CPU.ActiveCfg = Debug|Any CPU
		{A95BF1CE-14C6-4261-A21D-CA27A54843DF}.Debug|Any CPU.Build.0 = Debug|Any CPU
		{A95BF1CE-14C6-4261-A21D-CA27A54843DF}.Release|Any CPU.ActiveCfg = Release|Any CPU
		{A95BF1CE-14C6-4261-A21D-CA27A54843DF}.Release|Any CPU.Build.0 = Release|Any CPU
		{10C025A3-D5E6-472D-8AEB-FCBA519B6165}.Debug|Any CPU.ActiveCfg = Debug|Any CPU
		{10C025A3-D5E6-472D-8AEB-FCBA519B6165}.Debug|Any CPU.Build.0 = Debug|Any CPU
		{10C025A3-D5E6-472D-8AEB-FCBA519B6165}.Release|Any CPU.ActiveCfg = Release|Any CPU
		{10C025A3-D5E6-472D-8AEB-FCBA519B6165}.Release|Any CPU.Build.0 = Release|Any CPU
	EndGlobalSection
	GlobalSection(SolutionProperties) = preSolution
		HideSolutionNode = FALSE
	EndGlobalSection
	GlobalSection(ExtensibilityGlobals) = postSolution
		SolutionGuid = {2F939CC9-12FF-494B-ABAA-039AF8076FDD}
	EndGlobalSection
EndGlobal
